<?xml version="1.0" encoding="utf-8"?>
<Project ToolsVersion="4.0" xmlns="http://schemas.microsoft.com/developer/msbuild/2003">
  <!-- Define filters (folders in Solution Explorer) -->
  <ItemGroup>
    <Filter Include="Source Files">
      <UniqueIdentifier>{11111111-1111-1111-1111-111111111111}</UniqueIdentifier>
    </Filter>
    <Filter Include="Header Files">
      <UniqueIdentifier>{22222222-2222-2222-2222-222222222222}</UniqueIdentifier>
    </Filter>
  </ItemGroup>
  <!-- Source files -->
  <ItemGroup>
    <ClCompile Include="Columns.cpp">
      <Filter>Source Files</Filter>
    </ClCompile>
    <ClCompile Include="CommandFileProcessor.cpp">
      <Filter>Source Files</Filter>
    </ClCompile>
    <ClCompile Include="CommandParser.cpp">
      <Filter>Source Files</Filter>
    </ClCompile>
    <ClCompile Include="Database.cpp">
      <Filter>Source Files</Filter>
    </ClCompile>
    <ClCompile Include="DataTypes.cpp">
      <Filter>Source Files</Filter>
    </ClCompile>
    <ClCompile Include="Row.cpp">
      <Filter>Source Files</Filter>
    </ClCompile>
    <ClCompile Include="StringUtils.cpp">
      <Filter>Source Files</Filter>
    </ClCompile>
    <ClCompile Include="Table.cpp">
      <Filter>Source Files</Filter>
    </ClCompile>
    <ClCompile Include="test.cpp">
      <Filter>Source Files</Filter>
    </ClCompile>
    <ClCompile Include="Columns.h">
      <Filter>Header Files</Filter>
    </ClCompile>
    <ClCompile Include="Row.h">
      <Filter>Header Files</Filter>
    </ClCompile>
    <ClCompile Include="Table.h">
      <Filter>Header Files</Filter>
    </ClCompile>
    <ClCompile Include="BinaryFilesManager.cpp">
      <Filter>Source Files</Filter>
    </ClCompile>
    <ClCompile Include="CommandLogic.cpp">
      <Filter>Source Files</Filter>
    </ClCompile>
  </ItemGroup>
  <!-- Header files -->
  <ItemGroup>
    <ClInclude Include="CommandFileProcessor.h">
      <Filter>Header Files</Filter>
    </ClInclude>
    <ClInclude Include="CommandParser.h">
      <Filter>Header Files</Filter>
    </ClInclude>
    <ClInclude Include="CommandType.h">
      <Filter>Header Files</Filter>
    </ClInclude>
    <ClInclude Include="Database.h">
      <Filter>Header Files</Filter>
    </ClInclude>
    <ClInclude Include="DataTypes.h">
      <Filter>Header Files</Filter>
    </ClInclude>
    <ClInclude Include="StringUtils.h">
      <Filter>Header Files</Filter>
    </ClInclude>
    <ClInclude Include="BinaryFilesManager.h">
      <Filter>Header Files</Filter>
    </ClInclude>
    <ClInclude Include="CommandLogic.h">
      <Filter>Header Files</Filter>
    </ClInclude>
  </ItemGroup>
</Project>